{
  "name": "happy-quote",
  "version": "1.0.0",
  "lockfileVersion": 1,
  "requires": true,
  "dependencies": {
    "ammo": {
      "version": "1.0.1",
      "resolved": "https://registry.npmjs.org/ammo/-/ammo-1.0.1.tgz",
      "integrity": "sha1-j4rdFM1Jve3jurOj4OvK8h0D3os=",
      "requires": {
        "boom": "2.10.1",
        "hoek": "2.16.3"
      }
    },
    "async": {
      "version": "2.6.1",
      "resolved": "https://registry.npmjs.org/async/-/async-2.6.1.tgz",
      "integrity": "sha512-fNEiL2+AZt6AlAw/29Cr0UDe4sRAHCpEHh54WMz+Bb7QfNcFw4h3loofyJpLeQs4Yx7yuqu/2dLgM5hKOs6HlQ==",
      "requires": {
        "lodash": "4.17.11"
      }
    },
    "bignumber.js": {
      "version": "4.1.0",
      "resolved": "https://registry.npmjs.org/bignumber.js/-/bignumber.js-4.1.0.tgz",
      "integrity": "sha512-eJzYkFYy9L4JzXsbymsFn3p54D+llV27oTQ+ziJG7WFRheJcNZilgVXMG0LoZtlQSKBsJdWtLFqOD0u+U0jZKA=="
    },
    "boom": {
      "version": "2.10.1",
      "resolved": "https://registry.npmjs.org/boom/-/boom-2.10.1.tgz",
      "integrity": "sha1-OciRjO/1eZ+D+UkqhI9iWt0Mdm8=",
      "requires": {
        "hoek": "2.16.3"
      }
    },
    "commander": {
      "version": "2.17.1",
      "resolved": "https://registry.npmjs.org/commander/-/commander-2.17.1.tgz",
      "integrity": "sha512-wPMUt6FnH2yzG95SA6mzjQOEKUU3aLaDEmzs1ti+1E9h+CsrZghRlqEM/EJ4KscsQVG8uNN4uVreUeT8+drlgg==",
      "optional": true
    },
    "core-util-is": {
      "version": "1.0.2",
      "resolved": "https://registry.npmjs.org/core-util-is/-/core-util-is-1.0.2.tgz",
      "integrity": "sha1-tf1UIgqivFq1eqtxQMlAdUUDwac="
    },
    "handlebars": {
      "version": "4.0.12",
      "resolved": "https://registry.npmjs.org/handlebars/-/handlebars-4.0.12.tgz",
      "integrity": "sha512-RhmTekP+FZL+XNhwS1Wf+bTTZpdLougwt5pcgA1tuz6Jcx0fpH/7z0qd71RKnZHBCxIRBHfBOnio4gViPemNzA==",
      "requires": {
        "async": "2.6.1",
        "optimist": "0.6.1",
        "source-map": "0.6.1",
        "uglify-js": "3.4.9"
      }
    },
    "hapi": {
      "version": "12.1.0",
      "resolved": "http://registry.npmjs.org/hapi/-/hapi-12.1.0.tgz",
      "integrity": "sha1-mTLGMwDSR6ksrsEgqp+rcqQSSPE=",
      "requires": {
        "accept": "2.1.0",
        "ammo": "2.0.0",
        "boom": "3.1.1",
        "call": "3.0.0",
        "catbox": "7.1.0",
        "catbox-memory": "2.0.1",
        "cryptiles": "3.0.0",
        "heavy": "4.0.0",
        "hoek": "3.0.4",
        "iron": "3.0.1",
        "items": "2.0.0",
        "joi": "7.1.0",
        "kilt": "2.0.0",
        "mimos": "3.0.0",
        "peekaboo": "2.0.0",
        "shot": "3.0.0",
        "statehood": "3.1.0",
        "subtext": "4.0.0",
        "topo": "2.0.0"
      },
      "dependencies": {
        "accept": {
          "version": "2.1.0",
          "resolved": "https://registry.npmjs.org/accept/-/accept-2.1.0.tgz",
          "integrity": "sha1-VXac/1giuB2mTfZtKgkZkVd3beg=",
          "requires": {
            "boom": "3.1.1",
            "hoek": "3.0.4"
          }
        },
        "ammo": {
          "version": "2.0.0",
          "resolved": "https://registry.npmjs.org/ammo/-/ammo-2.0.0.tgz",
          "integrity": "sha1-FNvfwfti19gmAgbTfkghkmXSS+g=",
          "requires": {
            "boom": "3.1.1",
            "hoek": "3.0.4"
          }
        },
        "boom": {
          "version": "3.1.1",
          "resolved": "https://registry.npmjs.org/boom/-/boom-3.1.1.tgz",
          "integrity": "sha1-tkJPAe2NSSsrEq6GBHwk6LanyTc=",
          "requires": {
            "hoek": "3.0.4"
          }
        },
        "call": {
          "version": "3.0.0",
          "resolved": "https://registry.npmjs.org/call/-/call-3.0.0.tgz",
          "integrity": "sha1-6VTpAzInH3qxJgtN4BjWjq+z8BE=",
          "requires": {
            "boom": "3.1.1",
            "hoek": "3.0.4"
          }
        },
        "catbox": {
          "version": "7.1.0",
          "resolved": "http://registry.npmjs.org/catbox/-/catbox-7.1.0.tgz",
          "integrity": "sha1-Fpo+9ol3Pb9HHI2IEeslGm3ss/Q=",
          "requires": {
            "boom": "3.1.1",
            "hoek": "3.0.4",
            "joi": "7.1.0"
          }
        },
        "catbox-memory": {
          "version": "2.0.1",
          "resolved": "https://registry.npmjs.org/catbox-memory/-/catbox-memory-2.0.1.tgz",
          "integrity": "sha1-vfxec2RI/hbA/5FCfU2xGsNNk5Y=",
          "requires": {
            "hoek": "3.0.4"
          }
        },
        "cryptiles": {
          "version": "3.0.0",
          "resolved": "https://registry.npmjs.org/cryptiles/-/cryptiles-3.0.0.tgz",
          "integrity": "sha1-4Uj7j2ZqhxKEPd9lwZZ2nR44eQw=",
          "requires": {
            "boom": "3.1.1"
          }
        },
        "heavy": {
          "version": "4.0.0",
          "resolved": "https://registry.npmjs.org/heavy/-/heavy-4.0.0.tgz",
          "integrity": "sha1-ffqckK80PxaAaoxIootJmiPexHE=",
          "requires": {
            "boom": "3.1.1",
            "hoek": "3.0.4",
            "joi": "7.1.0"
          }
        },
        "hoek": {
          "version": "3.0.4",
          "resolved": "https://registry.npmjs.org/hoek/-/hoek-3.0.4.tgz",
          "integrity": "sha1-Jorf9mu2aVxptHiaiLHghHw/MSM="
        },
        "iron": {
          "version": "3.0.1",
          "resolved": "https://registry.npmjs.org/iron/-/iron-3.0.1.tgz",
          "integrity": "sha1-PdOxAKch0VubewM6DPTB4yZgPNM=",
          "requires": {
            "boom": "3.1.1",
            "cryptiles": "3.0.0",
            "hoek": "3.0.4"
          }
        },
        "items": {
          "version": "2.0.0",
          "resolved": "https://registry.npmjs.org/items/-/items-2.0.0.tgz",
          "integrity": "sha1-0Uqxfgyce47mk3dT07mlbgjUrXo="
        },
        "joi": {
          "version": "7.1.0",
          "resolved": "http://registry.npmjs.org/joi/-/joi-7.1.0.tgz",
          "integrity": "sha1-21zpX8UJ9cFI/5BY6mOck0lF2T0=",
          "requires": {
            "hoek": "3.0.4",
            "isemail": "2.1.0",
            "moment": "2.11.0",
            "topo": "2.0.0"
          },
          "dependencies": {
            "isemail": {
              "version": "2.1.0",
              "resolved": "https://registry.npmjs.org/isemail/-/isemail-2.1.0.tgz",
              "integrity": "sha1-f1Qz5GnYj0b7gfg/USDzbfA44v8="
            },
            "moment": {
              "version": "2.11.0",
              "resolved": "http://registry.npmjs.org/moment/-/moment-2.11.0.tgz",
              "integrity": "sha1-WE9fuHwfY38Sk37c4Sfd4tIG1wU="
            }
          }
        },
        "kilt": {
          "version": "2.0.0",
          "resolved": "https://registry.npmjs.org/kilt/-/kilt-2.0.0.tgz",
          "integrity": "sha1-igb2YkoUhHRBwQLDsS6e8Gr13fI=",
          "requires": {
            "hoek": "3.0.4"
          }
        },
        "mimos": {
          "version": "3.0.0",
          "resolved": "https://registry.npmjs.org/mimos/-/mimos-3.0.0.tgz",
          "integrity": "sha1-SygG4SXbvfcdmyzZ8LO0VsQDyCE=",
          "requires": {
            "hoek": "3.0.4",
            "mime-db": "1.20.0"
          },
          "dependencies": {
            "mime-db": {
              "version": "1.20.0",
              "resolved": "https://registry.npmjs.org/mime-db/-/mime-db-1.20.0.tgz",
              "integrity": "sha1-SW+Q/QH+DgMciCPsOqlFD/2hjtg="
            }
          }
        },
        "peekaboo": {
          "version": "2.0.0",
          "resolved": "https://registry.npmjs.org/peekaboo/-/peekaboo-2.0.0.tgz",
          "integrity": "sha1-ilS71o7esMtbMUSZHhU10tSS3Jc="
        },
        "shot": {
          "version": "3.0.0",
          "resolved": "https://registry.npmjs.org/shot/-/shot-3.0.0.tgz",
          "integrity": "sha1-jylyuCPEFdQMeCFiPFmfy2KCZn4=",
          "requires": {
            "hoek": "3.0.4"
          }
        },
        "statehood": {
          "version": "3.1.0",
          "resolved": "https://registry.npmjs.org/statehood/-/statehood-3.1.0.tgz",
          "integrity": "sha1-E9uMEXCnJoMa/qMBbP8TlIvo8qA=",
          "requires": {
            "boom": "3.1.1",
            "cryptiles": "3.0.0",
            "hoek": "3.0.4",
            "iron": "3.0.1",
            "items": "2.0.0",
            "joi": "7.1.0"
          }
        },
        "subtext": {
          "version": "4.0.0",
          "resolved": "https://registry.npmjs.org/subtext/-/subtext-4.0.0.tgz",
          "integrity": "sha1-+tdpXdgv3wuApr8jVRIHcZu5Xrg=",
          "requires": {
            "boom": "3.1.1",
            "content": "3.0.0",
            "hoek": "3.0.4",
            "pez": "2.0.1",
            "wreck": "7.0.0"
          },
          "dependencies": {
            "content": {
              "version": "3.0.0",
              "resolved": "https://registry.npmjs.org/content/-/content-3.0.0.tgz",
              "integrity": "sha1-+xpmghRxLKPdGKTsuw9f5x+35s0=",
              "requires": {
                "boom": "3.1.1"
              }
            },
            "pez": {
              "version": "2.0.1",
              "resolved": "https://registry.npmjs.org/pez/-/pez-2.0.1.tgz",
              "integrity": "sha1-WAV4vrF/GU03y4dN+8aHzM3omxE=",
              "requires": {
                "b64": "3.0.0",
                "boom": "3.1.1",
                "content": "3.0.0",
                "hoek": "3.0.4",
                "nigel": "2.0.0"
              },
              "dependencies": {
                "b64": {
                  "version": "3.0.0",
                  "resolved": "https://registry.npmjs.org/b64/-/b64-3.0.0.tgz",
                  "integrity": "sha1-MrMhzdoLmzEMdi05OrqSAdjk8hc=",
                  "requires": {
                    "hoek": "3.0.4"
                  }
                },
                "nigel": {
                  "version": "2.0.0",
                  "resolved": "https://registry.npmjs.org/nigel/-/nigel-2.0.0.tgz",
                  "integrity": "sha1-4lEYegUz6ufIIy99ejhlrkdorWk=",
                  "requires": {
                    "hoek": "3.0.4",
                    "vise": "2.0.0"
                  },
                  "dependencies": {
                    "vise": {
                      "version": "2.0.0",
                      "resolved": "https://registry.npmjs.org/vise/-/vise-2.0.0.tgz",
                      "integrity": "sha1-eNaLZOdJXqWYqcJMby4GLk1XldY=",
                      "requires": {
                        "hoek": "3.0.4"
                      }
                    }
                  }
                }
              }
            },
            "wreck": {
              "version": "7.0.0",
              "resolved": "https://registry.npmjs.org/wreck/-/wreck-7.0.0.tgz",
              "integrity": "sha1-jtUr2MIN4dApRr2QeP3LPEh6Gho=",
              "requires": {
                "boom": "3.1.1",
                "hoek": "3.0.4"
              }
            }
          }
        },
        "topo": {
          "version": "2.0.0",
          "resolved": "https://registry.npmjs.org/topo/-/topo-2.0.0.tgz",
          "integrity": "sha1-MVya7bhoytW2FhWWPJ/Qm+kSwe0=",
          "requires": {
            "hoek": "3.0.4"
          }
        }
      }
    },
    "hoek": {
      "version": "2.16.3",
      "resolved": "https://registry.npmjs.org/hoek/-/hoek-2.16.3.tgz",
      "integrity": "sha1-ILt0A9POo5jpHcRxCo/xuCdKJe0="
    },
    "inert": {
      "version": "3.2.1",
      "resolved": "https://registry.npmjs.org/inert/-/inert-3.2.1.tgz",
      "integrity": "sha1-xJZcXhh87z2yxChy5S51cAh2Qn0=",
      "requires": {
        "ammo": "1.0.1",
        "boom": "2.10.1",
        "hoek": "2.16.3",
        "items": "1.1.1",
        "joi": "6.10.1",
        "lru-cache": "2.7.3"
      }
    },
    "inherits": {
      "version": "2.0.3",
      "resolved": "https://registry.npmjs.org/inherits/-/inherits-2.0.3.tgz",
      "integrity": "sha1-Yzwsg+PaQqUC9SRmAiSA9CCCYd4="
    },
    "isarray": {
      "version": "1.0.0",
      "resolved": "https://registry.npmjs.org/isarray/-/isarray-1.0.0.tgz",
      "integrity": "sha1-u5NdSFgsuhaMBoNJV6VKPgcSTxE="
    },
    "isemail": {
      "version": "1.2.0",
      "resolved": "https://registry.npmjs.org/isemail/-/isemail-1.2.0.tgz",
      "integrity": "sha1-vgPfjMPineTSxd9lASY/H6RZXpo="
    },
    "items": {
      "version": "1.1.1",
      "resolved": "https://registry.npmjs.org/items/-/items-1.1.1.tgz",
      "integrity": "sha1-Q1td0hvKKLPP0lu1xrJ4txUBD9k="
    },
    "joi": {
      "version": "6.10.1",
      "resolved": "http://registry.npmjs.org/joi/-/joi-6.10.1.tgz",
      "integrity": "sha1-TVDDGAeRIgAP5fFq8f+OGRe3fgY=",
      "requires": {
        "hoek": "2.16.3",
        "isemail": "1.2.0",
        "moment": "2.22.2",
        "topo": "1.1.0"
      }
    },
    "lodash": {
      "version": "4.17.11",
      "resolved": "https://registry.npmjs.org/lodash/-/lodash-4.17.11.tgz",
      "integrity": "sha512-cQKh8igo5QUhZ7lg38DYWAxMvjSAKG0A8wGSVimP07SIUEK2UO+arSRKbRZWtelMtN5V0Hkwh5ryOto/SshYIg=="
    },
    "lru-cache": {
      "version": "2.7.3",
      "resolved": "https://registry.npmjs.org/lru-cache/-/lru-cache-2.7.3.tgz",
      "integrity": "sha1-bUUk6LlV+V1PW1iFHOId1y+06VI="
    },
    "minimist": {
      "version": "0.0.10",
      "resolved": "http://registry.npmjs.org/minimist/-/minimist-0.0.10.tgz",
      "integrity": "sha1-3j+YVD2/lggr5IrRoMfNqDYwHc8="
    },
    "moment": {
      "version": "2.22.2",
      "resolved": "https://registry.npmjs.org/moment/-/moment-2.22.2.tgz",
      "integrity": "sha1-PCV/mDn8DpP/UxSWMiOeuQeD/2Y="
    },
    "mysql": {
      "version": "2.16.0",
      "resolved": "https://registry.npmjs.org/mysql/-/mysql-2.16.0.tgz",
      "integrity": "sha512-dPbN2LHonQp7D5ja5DJXNbCLe/HRdu+f3v61aguzNRQIrmZLOeRoymBYyeThrR6ug+FqzDL95Gc9maqZUJS+Gw==",
      "requires": {
        "bignumber.js": "4.1.0",
        "readable-stream": "2.3.6",
        "safe-buffer": "5.1.2",
        "sqlstring": "2.3.1"
      }
    },
    "optimist": {
      "version": "0.6.1",
      "resolved": "https://registry.npmjs.org/optimist/-/optimist-0.6.1.tgz",
      "integrity": "sha1-2j6nRob6IaGaERwybpDrFaAZZoY=",
      "requires": {
        "minimist": "0.0.10",
        "wordwrap": "0.0.3"
      }
    },
    "process-nextick-args": {
      "version": "2.0.0",
      "resolved": "https://registry.npmjs.org/process-nextick-args/-/process-nextick-args-2.0.0.tgz",
      "integrity": "sha512-MtEC1TqN0EU5nephaJ4rAtThHtC86dNN9qCuEhtshvpVBkAW5ZO7BASN9REnF9eoXGcRub+pFuKEpOHE+HbEMw=="
    },
    "readable-stream": {
      "version": "2.3.6",
      "resolved": "http://registry.npmjs.org/readable-stream/-/readable-stream-2.3.6.tgz",
      "integrity": "sha512-tQtKA9WIAhBF3+VLAseyMqZeBjW0AHJoxOtYqSUZNJxauErmLbVm2FW1y+J/YA9dUrAC39ITejlZWhVIwawkKw==",
      "requires": {
        "core-util-is": "1.0.2",
        "inherits": "2.0.3",
        "isarray": "1.0.0",
        "process-nextick-args": "2.0.0",
        "safe-buffer": "5.1.2",
        "string_decoder": "1.1.1",
        "util-deprecate": "1.0.2"
      }
    },
    "safe-buffer": {
      "version": "5.1.2",
      "resolved": "https://registry.npmjs.org/safe-buffer/-/safe-buffer-5.1.2.tgz",
      "integrity": "sha512-Gd2UZBJDkXlY7GbJxfsE8/nvKkUEU1G38c1siN6QP6a9PT9MmHB8GnpscSmMJSoF8LOIrt8ud/wPtojys4G6+g=="
    },
    "source-map": {
      "version": "0.6.1",
      "resolved": "https://registry.npmjs.org/source-map/-/source-map-0.6.1.tgz",
      "integrity": "sha512-UjgapumWlbMhkBgzT7Ykc5YXUT46F0iKu8SGXq0bcwP5dz/h0Plj6enJqjz1Zbq2l5WaqYnrVbwWOWMyF3F47g=="
    },
    "sqlstring": {
      "version": "2.3.1",
      "resolved": "https://registry.npmjs.org/sqlstring/-/sqlstring-2.3.1.tgz",
      "integrity": "sha1-R1OT/56RR5rqYtyvDKPRSYOn+0A="
    },
    "string_decoder": {
      "version": "1.1.1",
      "resolved": "https://registry.npmjs.org/string_decoder/-/string_decoder-1.1.1.tgz",
      "integrity": "sha512-n/ShnvDi6FHbbVfviro+WojiFzv+s8MPMHBczVePfUpDJLwoLT0ht1l4YwBCbi8pJAveEEdnkHyPyTP/mzRfwg==",
      "requires": {
        "safe-buffer": "5.1.2"
      }
    },
    "topo": {
      "version": "1.1.0",
      "resolved": "https://registry.npmjs.org/topo/-/topo-1.1.0.tgz",
      "integrity": "sha1-6ddRYV0buH3IZdsYL6HKCl71NtU=",
      "requires": {
        "hoek": "2.16.3"
      }
    },
    "uglify-js": {
      "version": "3.4.9",
      "resolved": "https://registry.npmjs.org/uglify-js/-/uglify-js-3.4.9.tgz",
      "integrity": "sha512-8CJsbKOtEbnJsTyv6LE6m6ZKniqMiFWmm9sRbopbkGs3gMPPfd3Fh8iIA4Ykv5MgaTbqHr4BaoGLJLZNhsrW1Q==",
      "optional": true,
      "requires": {
        "commander": "2.17.1",
        "source-map": "0.6.1"
      }
    },
    "util-deprecate": {
      "version": "1.0.2",
      "resolved": "https://registry.npmjs.org/util-deprecate/-/util-deprecate-1.0.2.tgz",
      "integrity": "sha1-RQ1Nyfpw3nMnYvvS1KKJgUGaDM8="
    },
    "vision": {
      "version": "4.1.1",
      "resolved": "https://registry.npmjs.org/vision/-/vision-4.1.1.tgz",
      "integrity": "sha1-4bYSstLi8gMQoDkpD9SdUSSPgto=",
      "requires": {
        "boom": "4.3.1",
        "hoek": "4.2.1",
        "items": "2.1.1",
        "joi": "10.6.0"
      },
      "dependencies": {
        "boom": {
          "version": "4.3.1",
          "resolved": "https://registry.npmjs.org/boom/-/boom-4.3.1.tgz",
          "integrity": "sha1-T4owBctKfjiJ90kDD9JbluAdLjE=",
          "requires": {
            "hoek": "4.2.1"
          }
        },
        "hoek": {
          "version": "4.2.1",
          "resolved": "https://registry.npmjs.org/hoek/-/hoek-4.2.1.tgz",
          "integrity": "sha512-QLg82fGkfnJ/4iy1xZ81/9SIJiq1NGFUMGs6ParyjBZr6jW2Ufj/snDqTHixNlHdPNwN2RLVD0Pi3igeK9+JfA=="
        },
        "isemail": {
          "version": "2.2.1",
          "resolved": "https://registry.npmjs.org/isemail/-/isemail-2.2.1.tgz",
          "integrity": "sha1-A1PT2aYpUQgMJiwqoKQrjqjp4qY="
        },
        "items": {
          "version": "2.1.1",
          "resolved": "https://registry.npmjs.org/items/-/items-2.1.1.tgz",
          "integrity": "sha1-i9FtnIOxlSneWuoyGsqtp4NkoZg="
        },
        "joi": {
          "version": "10.6.0",
          "resolved": "https://registry.npmjs.org/joi/-/joi-10.6.0.tgz",
          "integrity": "sha512-hBF3LcqyAid+9X/pwg+eXjD2QBZI5eXnBFJYaAkH4SK3mp9QSRiiQnDYlmlz5pccMvnLcJRS4whhDOTCkmsAdQ==",
          "requires": {
            "hoek": "4.2.1",
            "isemail": "2.2.1",
            "items": "2.1.1",
            "topo": "2.0.2"
          }
        },
        "topo": {
          "version": "2.0.2",
          "resolved": "https://registry.npmjs.org/topo/-/topo-2.0.2.tgz",
          "integrity": "sha1-zVYVdSU5BXwNwEkaYhw7xvvh0YI=",
          "requires": {
            "hoek": "4.2.1"
          }
        }
      }
    },
    "wordwrap": {
      "version": "0.0.3",
      "resolved": "https://registry.npmjs.org/wordwrap/-/wordwrap-0.0.3.tgz",
      "integrity": "sha1-o9XabNXAvAAI03I0u68b7WMFkQc="
    }
  }
}
